{
  "name": "ziad-mohammed",
  "version": "1.0.0",
  "lockfileVersion": 3,
  "requires": true,
  "packages": {
    "": {
      "name": "ziad-mohammed",
      "version": "1.0.0",
      "license": "ISC",
      "dependencies": {
        "ziad-mohammed": "^1.0.0"
      }
    },
    "node_modules/ziad-mohammed": {
      "version": "1.0.0",
      "resolved": "https://registry.npmjs.org/ziad-mohammed/-/ziad-mohammed-1.0.0.tgz",
      "integrity": "sha512-q/z5QE+3f5kTCUTKy9AUJeDyWDefsCEWv87T0RxHM2ifYDlC3+QiaXTcc8tiZRr0cMjT6WXNWtrnELGzItSyRw==",
      "license": "ISC"
    }
  }
}
